
Microsoft Visual Studio Solution File, Format Version 12.00
# Visual Studio Version 16
VisualStudioVersion = 16.0.29613.14
MinimumVisualStudioVersion = 10.0.40219.1
Project("{2150E333-8FDC-42A3-9474-1A3956D46DE8}") = "TaskSvc", "TaskSvc", "{2BF415C5-E2CF-4B64-83A0-CF07781C8A6E}"
EndProject
Project("{2150E333-8FDC-42A3-9474-1A3956D46DE8}") = "ProjectSvc", "ProjectSvc", "{DBACC0E7-14D4-4626-8178-249EA70EEC03}"
EndProject
Project("{9A19103F-16F7-4668-BE54-9A1E7A4F7556}") = "Proj.Api", "Proj.Api\Proj.Api.csproj", "{CD655BFF-D753-44E2-BB9E-7EB19ED66667}"
EndProject
Project("{9A19103F-16F7-4668-BE54-9A1E7A4F7556}") = "Proj.Core", "Project.Core\Proj.Core.csproj", "{30D6E39F-C5DC-4A2B-8A98-3734ECB0E1A4}"
EndProject
Project("{9A19103F-16F7-4668-BE54-9A1E7A4F7556}") = "Project.Tests", "Project.Tests\Project.Tests.csproj", "{EDB33345-CD99-4ECA-B70B-C86159621BF1}"
EndProject
Project("{9A19103F-16F7-4668-BE54-9A1E7A4F7556}") = "Task.Api", "Task.Api\Task.Api.csproj", "{03EC44CE-8B0D-4850-BF90-E9E092DDDC5A}"
EndProject
Project("{9A19103F-16F7-4668-BE54-9A1E7A4F7556}") = "Task.Core", "Task.Core\Task.Core.csproj", "{2B8CEAAC-C00F-4FE5-AD1E-905F5F9E7BB1}"
EndProject
Project("{9A19103F-16F7-4668-BE54-9A1E7A4F7556}") = "Task.Tests", "Task.Tests\Task.Tests.csproj", "{BFE8B6BD-6C64-4D9B-86C0-4EE0AD8E5A9F}"
EndProject
Project("{2150E333-8FDC-42A3-9474-1A3956D46DE8}") = "Shared", "Shared", "{D786BAF9-FDAF-400E-A1A1-78A69203DF31}"
EndProject
Project("{9A19103F-16F7-4668-BE54-9A1E7A4F7556}") = "PMS.Shared", "PMS.Shared\PMS.Shared.csproj", "{8A48B1A2-7C1A-48F1-B70A-092770CA44C9}"
EndProject
Global
	GlobalSection(SolutionConfigurationPlatforms) = preSolution
		Debug|Any CPU = Debug|Any CPU
		Release|Any CPU = Release|Any CPU
	EndGlobalSection
	GlobalSection(ProjectConfigurationPlatforms) = postSolution
		{CD655BFF-D753-44E2-BB9E-7EB19ED66667}.Debug|Any CPU.ActiveCfg = Debug|Any CPU
		{CD655BFF-D753-44E2-BB9E-7EB19ED66667}.Debug|Any CPU.Build.0 = Debug|Any CPU
		{CD655BFF-D753-44E2-BB9E-7EB19ED66667}.Release|Any CPU.ActiveCfg = Release|Any CPU
		{CD655BFF-D753-44E2-BB9E-7EB19ED66667}.Release|Any CPU.Build.0 = Release|Any CPU
		{30D6E39F-C5DC-4A2B-8A98-3734ECB0E1A4}.Debug|Any CPU.ActiveCfg = Debug|Any CPU
		{30D6E39F-C5DC-4A2B-8A98-3734ECB0E1A4}.Debug|Any CPU.Build.0 = Debug|Any CPU
		{30D6E39F-C5DC-4A2B-8A98-3734ECB0E1A4}.Release|Any CPU.ActiveCfg = Release|Any CPU
		{30D6E39F-C5DC-4A2B-8A98-3734ECB0E1A4}.Release|Any CPU.Build.0 = Release|Any CPU
		{EDB33345-CD99-4ECA-B70B-C86159621BF1}.Debug|Any CPU.ActiveCfg = Debug|Any CPU
		{EDB33345-CD99-4ECA-B70B-C86159621BF1}.Debug|Any CPU.Build.0 = Debug|Any CPU
		{EDB33345-CD99-4ECA-B70B-C86159621BF1}.Release|Any CPU.ActiveCfg = Release|Any CPU
		{EDB33345-CD99-4ECA-B70B-C86159621BF1}.Release|Any CPU.Build.0 = Release|Any CPU
		{03EC44CE-8B0D-4850-BF90-E9E092DDDC5A}.Debug|Any CPU.ActiveCfg = Debug|Any CPU
		{03EC44CE-8B0D-4850-BF90-E9E092DDDC5A}.Debug|Any CPU.Build.0 = Debug|Any CPU
		{03EC44CE-8B0D-4850-BF90-E9E092DDDC5A}.Release|Any CPU.ActiveCfg = Release|Any CPU
		{03EC44CE-8B0D-4850-BF90-E9E092DDDC5A}.Release|Any CPU.Build.0 = Release|Any CPU
		{2B8CEAAC-C00F-4FE5-AD1E-905F5F9E7BB1}.Debug|Any CPU.ActiveCfg = Debug|Any CPU
		{2B8CEAAC-C00F-4FE5-AD1E-905F5F9E7BB1}.Debug|Any CPU.Build.0 = Debug|Any CPU
		{2B8CEAAC-C00F-4FE5-AD1E-905F5F9E7BB1}.Release|Any CPU.ActiveCfg = Release|Any CPU
		{2B8CEAAC-C00F-4FE5-AD1E-905F5F9E7BB1}.Release|Any CPU.Build.0 = Release|Any CPU
		{BFE8B6BD-6C64-4D9B-86C0-4EE0AD8E5A9F}.Debug|Any CPU.ActiveCfg = Debug|Any CPU
		{BFE8B6BD-6C64-4D9B-86C0-4EE0AD8E5A9F}.Debug|Any CPU.Build.0 = Debug|Any CPU
		{BFE8B6BD-6C64-4D9B-86C0-4EE0AD8E5A9F}.Release|Any CPU.ActiveCfg = Release|Any CPU
		{BFE8B6BD-6C64-4D9B-86C0-4EE0AD8E5A9F}.Release|Any CPU.Build.0 = Release|Any CPU
		{8A48B1A2-7C1A-48F1-B70A-092770CA44C9}.Debug|Any CPU.ActiveCfg = Debug|Any CPU
		{8A48B1A2-7C1A-48F1-B70A-092770CA44C9}.Debug|Any CPU.Build.0 = Debug|Any CPU
		{8A48B1A2-7C1A-48F1-B70A-092770CA44C9}.Release|Any CPU.ActiveCfg = Release|Any CPU
		{8A48B1A2-7C1A-48F1-B70A-092770CA44C9}.Release|Any CPU.Build.0 = Release|Any CPU
	EndGlobalSection
	GlobalSection(SolutionProperties) = preSolution
		HideSolutionNode = FALSE
	EndGlobalSection
	GlobalSection(NestedProjects) = preSolution
		{CD655BFF-D753-44E2-BB9E-7EB19ED66667} = {DBACC0E7-14D4-4626-8178-249EA70EEC03}
		{30D6E39F-C5DC-4A2B-8A98-3734ECB0E1A4} = {DBACC0E7-14D4-4626-8178-249EA70EEC03}
		{EDB33345-CD99-4ECA-B70B-C86159621BF1} = {DBACC0E7-14D4-4626-8178-249EA70EEC03}
		{03EC44CE-8B0D-4850-BF90-E9E092DDDC5A} = {2BF415C5-E2CF-4B64-83A0-CF07781C8A6E}
		{2B8CEAAC-C00F-4FE5-AD1E-905F5F9E7BB1} = {2BF415C5-E2CF-4B64-83A0-CF07781C8A6E}
		{BFE8B6BD-6C64-4D9B-86C0-4EE0AD8E5A9F} = {2BF415C5-E2CF-4B64-83A0-CF07781C8A6E}
		{8A48B1A2-7C1A-48F1-B70A-092770CA44C9} = {D786BAF9-FDAF-400E-A1A1-78A69203DF31}
	EndGlobalSection
	GlobalSection(ExtensibilityGlobals) = postSolution
		SolutionGuid = {4C65279B-D258-4A19-95AA-021CC14FE18A}
	EndGlobalSection
EndGlobal
